
Microsoft Visual Studio Solution File, Format Version 12.00
# Visual Studio Version 16
VisualStudioVersion = 16.0.30907.101
MinimumVisualStudioVersion = 10.0.40219.1
Project("{FAE04EC0-301F-11D3-BF4B-00C04F79EFBC}") = "UserInterface", "UserInterface\UserInterface.csproj", "{5612E45B-F910-402D-80AF-1D707FFD944B}"
EndProject
Project("{FAE04EC0-301F-11D3-BF4B-00C04F79EFBC}") = "Controller", "DroneController\Controller.csproj", "{4F577257-83F2-4FAE-B205-E776E1A397B9}"
EndProject
Project("{FAE04EC0-301F-11D3-BF4B-00C04F79EFBC}") = "HandDetector", "HandDetector\HandDetector.csproj", "{A623CE8B-853A-447E-8AE1-7F5546713047}"
EndProject
Project("{FAE04EC0-301F-11D3-BF4B-00C04F79EFBC}") = "Drone", "Drone\Drone.csproj", "{9C6E775B-B95E-4449-B8D0-88BD50ECB1A3}"
EndProject
Project("{FAE04EC0-301F-11D3-BF4B-00C04F79EFBC}") = "Input", "Input\Input.csproj", "{FAB1DC2D-74E6-4161-B1AB-562E5095CC37}"
EndProject
Global
	GlobalSection(SolutionConfigurationPlatforms) = preSolution
		Debug|Any CPU = Debug|Any CPU
		Release|Any CPU = Release|Any CPU
	EndGlobalSection
	GlobalSection(ProjectConfigurationPlatforms) = postSolution
		{5612E45B-F910-402D-80AF-1D707FFD944B}.Debug|Any CPU.ActiveCfg = Debug|Any CPU
		{5612E45B-F910-402D-80AF-1D707FFD944B}.Debug|Any CPU.Build.0 = Debug|Any CPU
		{5612E45B-F910-402D-80AF-1D707FFD944B}.Release|Any CPU.ActiveCfg = Release|Any CPU
		{5612E45B-F910-402D-80AF-1D707FFD944B}.Release|Any CPU.Build.0 = Release|Any CPU
		{4F577257-83F2-4FAE-B205-E776E1A397B9}.Debug|Any CPU.ActiveCfg = Debug|Any CPU
		{4F577257-83F2-4FAE-B205-E776E1A397B9}.Debug|Any CPU.Build.0 = Debug|Any CPU
		{4F577257-83F2-4FAE-B205-E776E1A397B9}.Release|Any CPU.ActiveCfg = Release|Any CPU
		{4F577257-83F2-4FAE-B205-E776E1A397B9}.Release|Any CPU.Build.0 = Release|Any CPU
		{A623CE8B-853A-447E-8AE1-7F5546713047}.Debug|Any CPU.ActiveCfg = Debug|Any CPU
		{A623CE8B-853A-447E-8AE1-7F5546713047}.Debug|Any CPU.Build.0 = Debug|Any CPU
		{A623CE8B-853A-447E-8AE1-7F5546713047}.Release|Any CPU.ActiveCfg = Release|Any CPU
		{A623CE8B-853A-447E-8AE1-7F5546713047}.Release|Any CPU.Build.0 = Release|Any CPU
		{9C6E775B-B95E-4449-B8D0-88BD50ECB1A3}.Debug|Any CPU.ActiveCfg = Debug|Any CPU
		{9C6E775B-B95E-4449-B8D0-88BD50ECB1A3}.Debug|Any CPU.Build.0 = Debug|Any CPU
		{9C6E775B-B95E-4449-B8D0-88BD50ECB1A3}.Release|Any CPU.ActiveCfg = Release|Any CPU
		{9C6E775B-B95E-4449-B8D0-88BD50ECB1A3}.Release|Any CPU.Build.0 = Release|Any CPU
		{FAB1DC2D-74E6-4161-B1AB-562E5095CC37}.Debug|Any CPU.ActiveCfg = Debug|Any CPU
		{FAB1DC2D-74E6-4161-B1AB-562E5095CC37}.Debug|Any CPU.Build.0 = Debug|Any CPU
		{FAB1DC2D-74E6-4161-B1AB-562E5095CC37}.Release|Any CPU.ActiveCfg = Release|Any CPU
		{FAB1DC2D-74E6-4161-B1AB-562E5095CC37}.Release|Any CPU.Build.0 = Release|Any CPU
	EndGlobalSection
	GlobalSection(SolutionProperties) = preSolution
		HideSolutionNode = FALSE
	EndGlobalSection
	GlobalSection(ExtensibilityGlobals) = postSolution
		SolutionGuid = {8A587749-B2A7-4B8B-B6A6-A2C6A6FEF438}
	EndGlobalSection
EndGlobal
